// !$*UTF8*$!
{
	archiveVersion = 1;
	classes = {
	};
	objectVersion = 46;
	objects = {

/* Begin PBXBuildFile section */
		142DCEDE2764AD5E009E6723 /* GeneralViewController.storyboard in Resources */ = {isa = PBXBuildFile; fileRef = 142DCEDD2764AD5E009E6723 /* GeneralViewController.storyboard */; };
		14B3F22E2760FF3A004CA5A8 /* ProfileCell.swift in Sources */ = {isa = PBXBuildFile; fileRef = 14B3F22C2760FF3A004CA5A8 /* ProfileCell.swift */; };
		14B3F22F2760FF3A004CA5A8 /* ProfileCell.xib in Resources */ = {isa = PBXBuildFile; fileRef = 14B3F22D2760FF3A004CA5A8 /* ProfileCell.xib */; };
		14DA4A8B2762409000CD8A92 /* MenuCell.swift in Sources */ = {isa = PBXBuildFile; fileRef = 14DA4A892762409000CD8A92 /* MenuCell.swift */; };
		14DA4A8C2762409000CD8A92 /* MenuCell.xib in Resources */ = {isa = PBXBuildFile; fileRef = 14DA4A8A2762409000CD8A92 /* MenuCell.xib */; };
		5CCE91E6DC22B0668F5F2750 /* GeneralModel.swift in Sources */ = {isa = PBXBuildFile; fileRef = 5CCE92EE095EA75CE6EAF4E9 /* GeneralModel.swift */; };
		5CCE96CF653FB93CA2B3A908 /* LaunchScreen.storyboard in Resources */ = {isa = PBXBuildFile; fileRef = 5CCE95D2B54193DCC56A0018 /* LaunchScreen.storyboard */; };
		5CCE97AD05E9ACDFB9B770AC /* Main.storyboard in Resources */ = {isa = PBXBuildFile; fileRef = 5CCE940E15E6930B47964955 /* Main.storyboard */; };
		5CCE97BA815AA732D3556525 /* ViewController.swift in Sources */ = {isa = PBXBuildFile; fileRef = 5CCE98EB0083E2ADC2DA7E99 /* ViewController.swift */; };
		5CCE9855E64138B1F2704312 /* AppDelegate.swift in Sources */ = {isa = PBXBuildFile; fileRef = 5CCE9FB934391E69EE2B659B /* AppDelegate.swift */; };
		5CCE98796B44E11C28E936A9 /* Assets.xcassets in Resources */ = {isa = PBXBuildFile; fileRef = 5CCE954F86AD3E3993646FD5 /* Assets.xcassets */; };
		5CCE9CFC1AC299B9DDED95BB /* GeneralViewController.swift in Sources */ = {isa = PBXBuildFile; fileRef = 5CCE9EDB3D1E7CDFE5B4E313 /* GeneralViewController.swift */; };
		5CCE9D3DF39024B81138B16B /* SceneDelegate.swift in Sources */ = {isa = PBXBuildFile; fileRef = 5CCE96847E1C3CEC4DC907F6 /* SceneDelegate.swift */; };
		5CCE9E7592B3978F1D1A8C39 /* SettingModel.swift in Sources */ = {isa = PBXBuildFile; fileRef = 5CCE9B7B52A7686E9AD0A422 /* SettingModel.swift */; };
/* End PBXBuildFile section */

/* Begin PBXFileReference section */
		142DCEDD2764AD5E009E6723 /* GeneralViewController.storyboard */ = {isa = PBXFileReference; lastKnownFileType = file.storyboard; path = GeneralViewController.storyboard; sourceTree = "<group>"; };
		14B3F22C2760FF3A004CA5A8 /* ProfileCell.swift */ = {isa = PBXFileReference; lastKnownFileType = sourcecode.swift; path = ProfileCell.swift; sourceTree = "<group>"; };
		14B3F22D2760FF3A004CA5A8 /* ProfileCell.xib */ = {isa = PBXFileReference; lastKnownFileType = file.xib; path = ProfileCell.xib; sourceTree = "<group>"; };
		14DA4A892762409000CD8A92 /* MenuCell.swift */ = {isa = PBXFileReference; lastKnownFileType = sourcecode.swift; path = MenuCell.swift; sourceTree = "<group>"; };
		14DA4A8A2762409000CD8A92 /* MenuCell.xib */ = {isa = PBXFileReference; lastKnownFileType = file.xib; path = MenuCell.xib; sourceTree = "<group>"; };
		5CCE92EE095EA75CE6EAF4E9 /* GeneralModel.swift */ = {isa = PBXFileReference; fileEncoding = 4; lastKnownFileType = sourcecode.swift; path = GeneralModel.swift; sourceTree = "<group>"; };
		5CCE954F86AD3E3993646FD5 /* Assets.xcassets */ = {isa = PBXFileReference; lastKnownFileType = folder.assetcatalog; path = Assets.xcassets; sourceTree = "<group>"; };
		5CCE96847E1C3CEC4DC907F6 /* SceneDelegate.swift */ = {isa = PBXFileReference; lastKnownFileType = sourcecode.swift; path = SceneDelegate.swift; sourceTree = "<group>"; };
		5CCE97D281FA82B2761E866E /* Base */ = {isa = PBXFileReference; lastKnownFileType = file.storyboard; name = Base; path = Base.lproj/LaunchScreen.storyboard; sourceTree = "<group>"; };
		5CCE98EB0083E2ADC2DA7E99 /* ViewController.swift */ = {isa = PBXFileReference; lastKnownFileType = sourcecode.swift; path = ViewController.swift; sourceTree = "<group>"; };
		5CCE9A99131EB6CBB0EB9A7F /* Base */ = {isa = PBXFileReference; lastKnownFileType = file.storyboard; name = Base; path = Base.lproj/Main.storyboard; sourceTree = "<group>"; };
		5CCE9B7B52A7686E9AD0A422 /* SettingModel.swift */ = {isa = PBXFileReference; fileEncoding = 4; lastKnownFileType = sourcecode.swift; path = SettingModel.swift; sourceTree = "<group>"; };
		5CCE9DCC0820B17863414194 /* Info.plist */ = {isa = PBXFileReference; lastKnownFileType = text.plist.info; path = Info.plist; sourceTree = "<group>"; };
		5CCE9EDB3D1E7CDFE5B4E313 /* GeneralViewController.swift */ = {isa = PBXFileReference; fileEncoding = 4; lastKnownFileType = sourcecode.swift; path = GeneralViewController.swift; sourceTree = "<group>"; };
		5CCE9EF6F376A7423389EB7C /* Setting_Clone_App.app */ = {isa = PBXFileReference; explicitFileType = wrapper.application; includeInIndex = 0; path = Setting_Clone_App.app; sourceTree = BUILT_PRODUCTS_DIR; };
		5CCE9FB934391E69EE2B659B /* AppDelegate.swift */ = {isa = PBXFileReference; lastKnownFileType = sourcecode.swift; path = AppDelegate.swift; sourceTree = "<group>"; };
/* End PBXFileReference section */

/* Begin PBXFrameworksBuildPhase section */
		5CCE90AC002E0ADDEF8CFCB5 /* Frameworks */ = {
			isa = PBXFrameworksBuildPhase;
			buildActionMask = 2147483647;
			files = (
			);
			runOnlyForDeploymentPostprocessing = 0;
		};
/* End PBXFrameworksBuildPhase section */

/* Begin PBXGroup section */
		5CCE96A51EA05281FF0245AB = {
			isa = PBXGroup;
			children = (
				5CCE9E44944652163883C9D8 /* Products */,
				5CCE9B30BD9676C4C1CD4B72 /* Setting_Clone_App */,
			);
			sourceTree = "<group>";
		};
		5CCE9B22C5CDFBC495D551EB /* model */ = {
			isa = PBXGroup;
			children = (
				5CCE9B7B52A7686E9AD0A422 /* SettingModel.swift */,
				5CCE92EE095EA75CE6EAF4E9 /* GeneralModel.swift */,
			);
			path = model;
			sourceTree = "<group>";
		};
		5CCE9B30BD9676C4C1CD4B72 /* Setting_Clone_App */ = {
			isa = PBXGroup;
			children = (
				5CCE954F86AD3E3993646FD5 /* Assets.xcassets */,
				5CCE9FB934391E69EE2B659B /* AppDelegate.swift */,
				5CCE95D2B54193DCC56A0018 /* LaunchScreen.storyboard */,
				5CCE9DCC0820B17863414194 /* Info.plist */,
				5CCE96847E1C3CEC4DC907F6 /* SceneDelegate.swift */,
				5CCE98EB0083E2ADC2DA7E99 /* ViewController.swift */,
				5CCE940E15E6930B47964955 /* Main.storyboard */,
				142DCEDD2764AD5E009E6723 /* GeneralViewController.storyboard */,
				14B3F22C2760FF3A004CA5A8 /* ProfileCell.swift */,
				14B3F22D2760FF3A004CA5A8 /* ProfileCell.xib */,
				14DA4A892762409000CD8A92 /* MenuCell.swift */,
				14DA4A8A2762409000CD8A92 /* MenuCell.xib */,
				5CCE9EDB3D1E7CDFE5B4E313 /* GeneralViewController.swift */,
				5CCE9B22C5CDFBC495D551EB /* model */,
			);
			path = Setting_Clone_App;
			sourceTree = "<group>";
		};
		5CCE9E44944652163883C9D8 /* Products */ = {
			isa = PBXGroup;
			children = (
				5CCE9EF6F376A7423389EB7C /* Setting_Clone_App.app */,
			);
			name = Products;
			sourceTree = "<group>";
		};
/* End PBXGroup section */

/* Begin PBXNativeTarget section */
		5CCE97FF80132D8F73CCFC92 /* Setting_Clone_App */ = {
			isa = PBXNativeTarget;
			buildConfigurationList = 5CCE952115FCDE31F09620A5 /* Build configuration list for PBXNativeTarget "Setting_Clone_App" */;
			buildPhases = (
				5CCE97249E1E85B8131F68FD /* Sources */,
				5CCE90AC002E0ADDEF8CFCB5 /* Frameworks */,
				5CCE91055C76F4CA275FB7C7 /* Resources */,
			);
			buildRules = (
			);
			dependencies = (
			);
			name = Setting_Clone_App;
			productName = Setting_Clone_App;
			productReference = 5CCE9EF6F376A7423389EB7C /* Setting_Clone_App.app */;
			productType = "com.apple.product-type.application";
		};
/* End PBXNativeTarget section */

/* Begin PBXProject section */
		5CCE93DF99069409C5B253E1 /* Project object */ = {
			isa = PBXProject;
			attributes = {
				TargetAttributes = {
					5CCE97FF80132D8F73CCFC92 = {
						DevelopmentTeam = YCY2X96LYD;
					};
				};
			};
			buildConfigurationList = 5CCE99A5C5A8A39B4DA2F42F /* Build configuration list for PBXProject "Setting_Clone_App" */;
			compatibilityVersion = "Xcode 3.2";
			developmentRegion = English;
			hasScannedForEncodings = 0;
			knownRegions = (
				English,
				en,
				Base,
			);
			mainGroup = 5CCE96A51EA05281FF0245AB;
			productRefGroup = 5CCE9E44944652163883C9D8 /* Products */;
			projectDirPath = "";
			projectRoot = "";
			targets = (
				5CCE97FF80132D8F73CCFC92 /* Setting_Clone_App */,
			);
		};
/* End PBXProject section */

/* Begin PBXResourcesBuildPhase section */
		5CCE91055C76F4CA275FB7C7 /* Resources */ = {
			isa = PBXResourcesBuildPhase;
			buildActionMask = 2147483647;
			files = (
				142DCEDE2764AD5E009E6723 /* GeneralViewController.storyboard in Resources */,
				5CCE98796B44E11C28E936A9 /* Assets.xcassets in Resources */,
				14B3F22F2760FF3A004CA5A8 /* ProfileCell.xib in Resources */,
				14DA4A8C2762409000CD8A92 /* MenuCell.xib in Resources */,
				5CCE96CF653FB93CA2B3A908 /* LaunchScreen.storyboard in Resources */,
				5CCE97AD05E9ACDFB9B770AC /* Main.storyboard in Resources */,
			);
			runOnlyForDeploymentPostprocessing = 0;
		};
/* End PBXResourcesBuildPhase section */

/* Begin PBXSourcesBuildPhase section */
		5CCE97249E1E85B8131F68FD /* Sources */ = {
			isa = PBXSourcesBuildPhase;
			buildActionMask = 2147483647;
			files = (
				5CCE9855E64138B1F2704312 /* AppDelegate.swift in Sources */,
				14DA4A8B2762409000CD8A92 /* MenuCell.swift in Sources */,
				14B3F22E2760FF3A004CA5A8 /* ProfileCell.swift in Sources */,
				5CCE9D3DF39024B81138B16B /* SceneDelegate.swift in Sources */,
				5CCE97BA815AA732D3556525 /* ViewController.swift in Sources */,
				5CCE9CFC1AC299B9DDED95BB /* GeneralViewController.swift in Sources */,
				5CCE9E7592B3978F1D1A8C39 /* SettingModel.swift in Sources */,
				5CCE91E6DC22B0668F5F2750 /* GeneralModel.swift in Sources */,
			);
			runOnlyForDeploymentPostprocessing = 0;
		};
/* End PBXSourcesBuildPhase section */

/* Begin PBXVariantGroup section */
		5CCE940E15E6930B47964955 /* Main.storyboard */ = {
			isa = PBXVariantGroup;
			children = (
				5CCE9A99131EB6CBB0EB9A7F /* Base */,
			);
			name = Main.storyboard;
			sourceTree = "<group>";
		};
		5CCE95D2B54193DCC56A0018 /* LaunchScreen.storyboard */ = {
			isa = PBXVariantGroup;
			children = (
				5CCE97D281FA82B2761E866E /* Base */,
			);
			name = LaunchScreen.storyboard;
			sourceTree = "<group>";
		};
/* End PBXVariantGroup section */

/* Begin XCBuildConfiguration section */
		5CCE9391D84B5D3B42843414 /* Release */ = {
			isa = XCBuildConfiguration;
			buildSettings = {
				ALWAYS_SEARCH_USER_PATHS = NO;
				CLANG_ANALYZER_NONNULL = YES;
				CLANG_ANALYZER_NUMBER_OBJECT_CONVERSION = YES_AGGRESSIVE;
				CLANG_CXX_LANGUAGE_STANDARD = "gnu++17";
				CLANG_CXX_LIBRARY = "libc++";
				CLANG_ENABLE_MODULES = YES;
				CLANG_ENABLE_OBJC_ARC = YES;
				CLANG_ENABLE_OBJC_WEAK = YES;
				CLANG_WARN_BLOCK_CAPTURE_AUTORELEASING = YES;
				CLANG_WARN_BOOL_CONVERSION = YES;
				CLANG_WARN_COMMA = YES;
				CLANG_WARN_CONSTANT_CONVERSION = YES;
				CLANG_WARN_DEPRECATED_OBJC_IMPLEMENTATIONS = YES;
				CLANG_WARN_DIRECT_OBJC_ISA_USAGE = YES_ERROR;
				CLANG_WARN_DOCUMENTATION_COMMENTS = YES;
				CLANG_WARN_EMPTY_BODY = YES;
				CLANG_WARN_ENUM_CONVERSION = YES;
				CLANG_WARN_INFINITE_RECURSION = YES;
				CLANG_WARN_INT_CONVERSION = YES;
				CLANG_WARN_NON_LITERAL_NULL_CONVERSION = YES;
				CLANG_WARN_OBJC_IMPLICIT_RETAIN_SELF = YES;
				CLANG_WARN_OBJC_LITERAL_CONVERSION = YES;
				CLANG_WARN_OBJC_ROOT_CLASS = YES_ERROR;
				CLANG_WARN_QUOTED_INCLUDE_IN_FRAMEWORK_HEADER = YES;
				CLANG_WARN_RANGE_LOOP_ANALYSIS = YES;
				CLANG_WARN_STRICT_PROTOTYPES = YES;
				CLANG_WARN_SUSPICIOUS_MOVE = YES;
				CLANG_WARN_UNGUARDED_AVAILABILITY = YES_AGGRESSIVE;
				CLANG_WARN_UNREACHABLE_CODE = YES;
				CLANG_WARN__DUPLICATE_METHOD_MATCH = YES;
				COPY_PHASE_STRIP = NO;
				DEBUG_INFORMATION_FORMAT = "dwarf-with-dsym";
				ENABLE_NS_ASSERTIONS = NO;
				ENABLE_STRICT_OBJC_MSGSEND = YES;
				GCC_C_LANGUAGE_STANDARD = gnu11;
				GCC_NO_COMMON_BLOCKS = YES;
				GCC_WARN_64_TO_32_BIT_CONVERSION = YES;
				GCC_WARN_ABOUT_RETURN_TYPE = YES_ERROR;
				GCC_WARN_UNDECLARED_SELECTOR = YES;
				GCC_WARN_UNINITIALIZED_AUTOS = YES_AGGRESSIVE;
				GCC_WARN_UNUSED_FUNCTION = YES;
				GCC_WARN_UNUSED_VARIABLE = YES;
				IPHONEOS_DEPLOYMENT_TARGET = 15.0;
				MTL_ENABLE_DEBUG_INFO = NO;
				MTL_FAST_MATH = YES;
				SDKROOT = iphoneos;
				SWIFT_OPTIMIZATION_LEVEL = "-Owholemodule";
				VALIDATE_PRODUCT = YES;
			};
			name = Release;
		};
		5CCE947DBB3C80F7AED01AC6 /* Debug */ = {
			isa = XCBuildConfiguration;
			buildSettings = {
				ASSETCATALOG_COMPILER_APPICON_NAME = AppIcon;
				ASSETCATALOG_COMPILER_GLOBAL_ACCENT_COLOR_NAME = AccentColor;
				CURRENT_PROJECT_VERSION = 1;
				DEVELOPMENT_TEAM = YCY2X96LYD;
				GENERATE_INFOPLIST_FILE = YES;
				INFOPLIST_FILE = Setting_Clone_App/Info.plist;
				INFOPLIST_KEY_UIApplicationSupportsIndirectInputEvents = YES;
				INFOPLIST_KEY_UILaunchStoryboardName = LaunchScreen;
				INFOPLIST_KEY_UIMainStoryboardFile = Main;
				INFOPLIST_KEY_UISupportedInterfaceOrientations_iPad = "UIInterfaceOrientationPortrait UIInterfaceOrientationPortraitUpsideDown UIInterfaceOrientationLandscapeLeft UIInterfaceOrientationLandscapeRight";
				INFOPLIST_KEY_UISupportedInterfaceOrientations_iPhone = "UIInterfaceOrientationPortrait UIInterfaceOrientationLandscapeLeft UIInterfaceOrientationLandscapeRight";
				LD_RUNPATH_SEARCH_PATHS = "$(inherited) @executable_path/Frameworks";
				MARKETING_VERSION = 1.0;
				PRODUCT_BUNDLE_IDENTIFIER = "lab.gravy.hope-setting-clone";
				PRODUCT_NAME = "$(TARGET_NAME)";
				SWIFT_EMIT_LOC_STRINGS = YES;
				SWIFT_VERSION = 5.0;
				TARGETED_DEVICE_FAMILY = "1,2";
			};
			name = Debug;
		};
		5CCE9E1F58CC5DE9CDC75AA4 /* Release */ = {
			isa = XCBuildConfiguration;
			buildSettings = {
				ASSETCATALOG_COMPILER_APPICON_NAME = AppIcon;
				ASSETCATALOG_COMPILER_GLOBAL_ACCENT_COLOR_NAME = AccentColor;
				CURRENT_PROJECT_VERSION = 1;
				DEVELOPMENT_TEAM = YCY2X96LYD;
				GENERATE_INFOPLIST_FILE = YES;
				INFOPLIST_FILE = Setting_Clone_App/Info.plist;
				INFOPLIST_KEY_UIApplicationSupportsIndirectInputEvents = YES;
				INFOPLIST_KEY_UILaunchStoryboardName = LaunchScreen;
				INFOPLIST_KEY_UIMainStoryboardFile = Main;
				INFOPLIST_KEY_UISupportedInterfaceOrientations_iPad = "UIInterfaceOrientationPortrait UIInterfaceOrientationPortraitUpsideDown UIInterfaceOrientationLandscapeLeft UIInterfaceOrientationLandscapeRight";
				INFOPLIST_KEY_UISupportedInterfaceOrientations_iPhone = "UIInterfaceOrientationPortrait UIInterfaceOrientationLandscapeLeft UIInterfaceOrientationLandscapeRight";
				LD_RUNPATH_SEARCH_PATHS = "$(inherited) @executable_path/Frameworks";
				MARKETING_VERSION = 1.0;
				PRODUCT_BUNDLE_IDENTIFIER = "lab.gravy.hope-setting-clone";
				PRODUCT_NAME = "$(TARGET_NAME)";
				SWIFT_EMIT_LOC_STRINGS = YES;
				SWIFT_VERSION = 5.0;
				TARGETED_DEVICE_FAMILY = "1,2";
			};
			name = Release;
		};
		5CCE9F6254E6A53E68D28EC8 /* Debug */ = {
			isa = XCBuildConfiguration;
			buildSettings = {
				ALWAYS_SEARCH_USER_PATHS = NO;
				CLANG_ANALYZER_NONNULL = YES;
				CLANG_ANALYZER_NUMBER_OBJECT_CONVERSION = YES_AGGRESSIVE;
				CLANG_CXX_LANGUAGE_STANDARD = "gnu++17";
				CLANG_CXX_LIBRARY = "libc++";
				CLANG_ENABLE_MODULES = YES;
				CLANG_ENABLE_OBJC_ARC = YES;
				CLANG_ENABLE_OBJC_WEAK = YES;
				CLANG_WARN_BLOCK_CAPTURE_AUTORELEASING = YES;
				CLANG_WARN_BOOL_CONVERSION = YES;
				CLANG_WARN_COMMA = YES;
				CLANG_WARN_CONSTANT_CONVERSION = YES;
				CLANG_WARN_DEPRECATED_OBJC_IMPLEMENTATIONS = YES;
				CLANG_WARN_DIRECT_OBJC_ISA_USAGE = YES_ERROR;
				CLANG_WARN_DOCUMENTATION_COMMENTS = YES;
				CLANG_WARN_EMPTY_BODY = YES;
				CLANG_WARN_ENUM_CONVERSION = YES;
				CLANG_WARN_INFINITE_RECURSION = YES;
				CLANG_WARN_INT_CONVERSION = YES;
				CLANG_WARN_NON_LITERAL_NULL_CONVERSION = YES;
				CLANG_WARN_OBJC_IMPLICIT_RETAIN_SELF = YES;
				CLANG_WARN_OBJC_LITERAL_CONVERSION = YES;
				CLANG_WARN_OBJC_ROOT_CLASS = YES_ERROR;
				CLANG_WARN_QUOTED_INCLUDE_IN_FRAMEWORK_HEADER = YES;
				CLANG_WARN_RANGE_LOOP_ANALYSIS = YES;
				CLANG_WARN_STRICT_PROTOTYPES = YES;
				CLANG_WARN_SUSPICIOUS_MOVE = YES;
				CLANG_WARN_UNGUARDED_AVAILABILITY = YES_AGGRESSIVE;
				CLANG_WARN_UNREACHABLE_CODE = YES;
				CLANG_WARN__DUPLICATE_METHOD_MATCH = YES;
				COPY_PHASE_STRIP = NO;
				DEBUG_INFORMATION_FORMAT = dwarf;
				ENABLE_STRICT_OBJC_MSGSEND = YES;
				ENABLE_TESTABILITY = YES;
				GCC_C_LANGUAGE_STANDARD = gnu11;
				GCC_DYNAMIC_NO_PIC = NO;
				GCC_NO_COMMON_BLOCKS = YES;
				GCC_OPTIMIZATION_LEVEL = 0;
				GCC_PREPROCESSOR_DEFINITIONS = (
					"DEBUG=1",
					"$(inherited)",
				);
				GCC_WARN_64_TO_32_BIT_CONVERSION = YES;
				GCC_WARN_ABOUT_RETURN_TYPE = YES_ERROR;
				GCC_WARN_UNDECLARED_SELECTOR = YES;
				GCC_WARN_UNINITIALIZED_AUTOS = YES_AGGRESSIVE;
				GCC_WARN_UNUSED_FUNCTION = YES;
				GCC_WARN_UNUSED_VARIABLE = YES;
				IPHONEOS_DEPLOYMENT_TARGET = 15.0;
				MTL_ENABLE_DEBUG_INFO = INCLUDE_SOURCE;
				MTL_FAST_MATH = YES;
				ONLY_ACTIVE_ARCH = YES;
				SDKROOT = iphoneos;
				SWIFT_ACTIVE_COMPILATION_CONDITIONS = DEBUG;
				SWIFT_OPTIMIZATION_LEVEL = "-Onone";
			};
			name = Debug;
		};
/* End XCBuildConfiguration section */

/* Begin XCConfigurationList section */
		5CCE952115FCDE31F09620A5 /* Build configuration list for PBXNativeTarget "Setting_Clone_App" */ = {
			isa = XCConfigurationList;
			buildConfigurations = (
				5CCE947DBB3C80F7AED01AC6 /* Debug */,
				5CCE9E1F58CC5DE9CDC75AA4 /* Release */,
			);
			defaultConfigurationIsVisible = 0;
			defaultConfigurationName = Release;
		};
		5CCE99A5C5A8A39B4DA2F42F /* Build configuration list for PBXProject "Setting_Clone_App" */ = {
			isa = XCConfigurationList;
			buildConfigurations = (
				5CCE9F6254E6A53E68D28EC8 /* Debug */,
				5CCE9391D84B5D3B42843414 /* Release */,
			);
			defaultConfigurationIsVisible = 0;
			defaultConfigurationName = Release;
		};
/* End XCConfigurationList section */
	};
	rootObject = 5CCE93DF99069409C5B253E1 /* Project object */;
}
